
Microsoft Visual Studio Solution File, Format Version 12.00
# TcXaeShell Solution File, Format Version 11.00
VisualStudioVersion = 15.0.28010.2050
MinimumVisualStudioVersion = 10.0.40219.1
Project("{B1E792BE-AA5F-4E3C-8C82-674BF9C0715B}") = "HelloWorldSSH", "HelloWorldSSH\HelloWorldSSH.tsproj", "{6CFF94FA-5AB6-4110-A420-3232268A6BAB}"
EndProject
Global
	GlobalSection(SolutionConfigurationPlatforms) = preSolution
		Debug|TwinCAT CE7 (ARMV7) = Debug|TwinCAT CE7 (ARMV7)
		Debug|TwinCAT OS (ARMT2) = Debug|TwinCAT OS (ARMT2)
		Debug|TwinCAT RT (x64) = Debug|TwinCAT RT (x64)
		Debug|TwinCAT RT (x86) = Debug|TwinCAT RT (x86)
		Release|TwinCAT CE7 (ARMV7) = Release|TwinCAT CE7 (ARMV7)
		Release|TwinCAT OS (ARMT2) = Release|TwinCAT OS (ARMT2)
		Release|TwinCAT RT (x64) = Release|TwinCAT RT (x64)
		Release|TwinCAT RT (x86) = Release|TwinCAT RT (x86)
	EndGlobalSection
	GlobalSection(ProjectConfigurationPlatforms) = postSolution
		{6CFF94FA-5AB6-4110-A420-3232268A6BAB}.Debug|TwinCAT CE7 (ARMV7).ActiveCfg = Debug|TwinCAT CE7 (ARMV7)
		{6CFF94FA-5AB6-4110-A420-3232268A6BAB}.Debug|TwinCAT CE7 (ARMV7).Build.0 = Debug|TwinCAT CE7 (ARMV7)
		{6CFF94FA-5AB6-4110-A420-3232268A6BAB}.Debug|TwinCAT OS (ARMT2).ActiveCfg = Debug|TwinCAT OS (ARMT2)
		{6CFF94FA-5AB6-4110-A420-3232268A6BAB}.Debug|TwinCAT OS (ARMT2).Build.0 = Debug|TwinCAT OS (ARMT2)
		{6CFF94FA-5AB6-4110-A420-3232268A6BAB}.Debug|TwinCAT RT (x64).ActiveCfg = Debug|TwinCAT RT (x64)
		{6CFF94FA-5AB6-4110-A420-3232268A6BAB}.Debug|TwinCAT RT (x64).Build.0 = Debug|TwinCAT RT (x64)
		{6CFF94FA-5AB6-4110-A420-3232268A6BAB}.Debug|TwinCAT RT (x86).ActiveCfg = Debug|TwinCAT RT (x86)
		{6CFF94FA-5AB6-4110-A420-3232268A6BAB}.Debug|TwinCAT RT (x86).Build.0 = Debug|TwinCAT RT (x86)
		{6CFF94FA-5AB6-4110-A420-3232268A6BAB}.Release|TwinCAT CE7 (ARMV7).ActiveCfg = Release|TwinCAT CE7 (ARMV7)
		{6CFF94FA-5AB6-4110-A420-3232268A6BAB}.Release|TwinCAT CE7 (ARMV7).Build.0 = Release|TwinCAT CE7 (ARMV7)
		{6CFF94FA-5AB6-4110-A420-3232268A6BAB}.Release|TwinCAT OS (ARMT2).ActiveCfg = Release|TwinCAT OS (ARMT2)
		{6CFF94FA-5AB6-4110-A420-3232268A6BAB}.Release|TwinCAT OS (ARMT2).Build.0 = Release|TwinCAT OS (ARMT2)
		{6CFF94FA-5AB6-4110-A420-3232268A6BAB}.Release|TwinCAT RT (x64).ActiveCfg = Release|TwinCAT RT (x64)
		{6CFF94FA-5AB6-4110-A420-3232268A6BAB}.Release|TwinCAT RT (x64).Build.0 = Release|TwinCAT RT (x64)
		{6CFF94FA-5AB6-4110-A420-3232268A6BAB}.Release|TwinCAT RT (x86).ActiveCfg = Release|TwinCAT RT (x86)
		{6CFF94FA-5AB6-4110-A420-3232268A6BAB}.Release|TwinCAT RT (x86).Build.0 = Release|TwinCAT RT (x86)
		{4080D704-31F8-49A8-81DA-43A4926EB836}.Debug|TwinCAT CE7 (ARMV7).ActiveCfg = Debug|TwinCAT CE7 (ARMV7)
		{4080D704-31F8-49A8-81DA-43A4926EB836}.Debug|TwinCAT CE7 (ARMV7).Build.0 = Debug|TwinCAT CE7 (ARMV7)
		{4080D704-31F8-49A8-81DA-43A4926EB836}.Debug|TwinCAT OS (ARMT2).ActiveCfg = Debug|TwinCAT OS (ARMT2)
		{4080D704-31F8-49A8-81DA-43A4926EB836}.Debug|TwinCAT OS (ARMT2).Build.0 = Debug|TwinCAT OS (ARMT2)
		{4080D704-31F8-49A8-81DA-43A4926EB836}.Debug|TwinCAT RT (x64).ActiveCfg = Debug|TwinCAT RT (x64)
		{4080D704-31F8-49A8-81DA-43A4926EB836}.Debug|TwinCAT RT (x64).Build.0 = Debug|TwinCAT RT (x64)
		{4080D704-31F8-49A8-81DA-43A4926EB836}.Debug|TwinCAT RT (x86).ActiveCfg = Debug|TwinCAT RT (x86)
		{4080D704-31F8-49A8-81DA-43A4926EB836}.Debug|TwinCAT RT (x86).Build.0 = Debug|TwinCAT RT (x86)
		{4080D704-31F8-49A8-81DA-43A4926EB836}.Release|TwinCAT CE7 (ARMV7).ActiveCfg = Release|TwinCAT CE7 (ARMV7)
		{4080D704-31F8-49A8-81DA-43A4926EB836}.Release|TwinCAT CE7 (ARMV7).Build.0 = Release|TwinCAT CE7 (ARMV7)
		{4080D704-31F8-49A8-81DA-43A4926EB836}.Release|TwinCAT OS (ARMT2).ActiveCfg = Release|TwinCAT OS (ARMT2)
		{4080D704-31F8-49A8-81DA-43A4926EB836}.Release|TwinCAT OS (ARMT2).Build.0 = Release|TwinCAT OS (ARMT2)
		{4080D704-31F8-49A8-81DA-43A4926EB836}.Release|TwinCAT RT (x64).ActiveCfg = Release|TwinCAT RT (x64)
		{4080D704-31F8-49A8-81DA-43A4926EB836}.Release|TwinCAT RT (x64).Build.0 = Release|TwinCAT RT (x64)
		{4080D704-31F8-49A8-81DA-43A4926EB836}.Release|TwinCAT RT (x86).ActiveCfg = Release|TwinCAT RT (x86)
		{4080D704-31F8-49A8-81DA-43A4926EB836}.Release|TwinCAT RT (x86).Build.0 = Release|TwinCAT RT (x86)
	EndGlobalSection
	GlobalSection(SolutionProperties) = preSolution
		HideSolutionNode = FALSE
	EndGlobalSection
	GlobalSection(ExtensibilityGlobals) = postSolution
		SolutionGuid = {D3597F3A-D2EF-40A2-8BEF-32AF13505669}
	EndGlobalSection
EndGlobal
